
Microsoft Visual Studio Solution File, Format Version 12.00
# Visual Studio Version 17
VisualStudioVersion = 17.6.33815.320
MinimumVisualStudioVersion = 10.0.40219.1
Project("{9A19103F-16F7-4668-BE54-9A1E7A4F7556}") = "BetRocket", "BetRocket.csproj", "{24735BBA-4216-4C2A-A1D8-5AAACE172552}"
EndProject
Project("{9A19103F-16F7-4668-BE54-9A1E7A4F7556}") = "Domain", "..\Domain\Domain.csproj", "{E5F2DFE3-764D-4315-8691-287374999750}"
EndProject
Project("{9A19103F-16F7-4668-BE54-9A1E7A4F7556}") = "Infra", "..\Infra\Infra.csproj", "{B6520F11-9F71-49BD-AE53-6AE87F383C36}"
EndProject
Project("{9A19103F-16F7-4668-BE54-9A1E7A4F7556}") = "Tests", "..\Tests\Tests.csproj", "{4CFDD682-9B46-487A-B160-5B6FC5FEBB54}"
EndProject
Project("{FAE04EC0-301F-11D3-BF4B-00C04F79EFBC}") = "Application", "..\Application\Application.csproj", "{B985D2A3-27C2-49E0-813A-DB9366213646}"
EndProject
Global
	GlobalSection(SolutionConfigurationPlatforms) = preSolution
		Debug|Any CPU = Debug|Any CPU
		Release|Any CPU = Release|Any CPU
	EndGlobalSection
	GlobalSection(ProjectConfigurationPlatforms) = postSolution
		{24735BBA-4216-4C2A-A1D8-5AAACE172552}.Debug|Any CPU.ActiveCfg = Debug|Any CPU
		{24735BBA-4216-4C2A-A1D8-5AAACE172552}.Debug|Any CPU.Build.0 = Debug|Any CPU
		{24735BBA-4216-4C2A-A1D8-5AAACE172552}.Release|Any CPU.ActiveCfg = Release|Any CPU
		{24735BBA-4216-4C2A-A1D8-5AAACE172552}.Release|Any CPU.Build.0 = Release|Any CPU
		{E5F2DFE3-764D-4315-8691-287374999750}.Debug|Any CPU.ActiveCfg = Debug|Any CPU
		{E5F2DFE3-764D-4315-8691-287374999750}.Debug|Any CPU.Build.0 = Debug|Any CPU
		{E5F2DFE3-764D-4315-8691-287374999750}.Release|Any CPU.ActiveCfg = Release|Any CPU
		{E5F2DFE3-764D-4315-8691-287374999750}.Release|Any CPU.Build.0 = Release|Any CPU
		{B6520F11-9F71-49BD-AE53-6AE87F383C36}.Debug|Any CPU.ActiveCfg = Debug|Any CPU
		{B6520F11-9F71-49BD-AE53-6AE87F383C36}.Debug|Any CPU.Build.0 = Debug|Any CPU
		{B6520F11-9F71-49BD-AE53-6AE87F383C36}.Release|Any CPU.ActiveCfg = Release|Any CPU
		{B6520F11-9F71-49BD-AE53-6AE87F383C36}.Release|Any CPU.Build.0 = Release|Any CPU
		{4CFDD682-9B46-487A-B160-5B6FC5FEBB54}.Debug|Any CPU.ActiveCfg = Debug|Any CPU
		{4CFDD682-9B46-487A-B160-5B6FC5FEBB54}.Debug|Any CPU.Build.0 = Debug|Any CPU
		{4CFDD682-9B46-487A-B160-5B6FC5FEBB54}.Release|Any CPU.ActiveCfg = Release|Any CPU
		{4CFDD682-9B46-487A-B160-5B6FC5FEBB54}.Release|Any CPU.Build.0 = Release|Any CPU
		{B985D2A3-27C2-49E0-813A-DB9366213646}.Debug|Any CPU.ActiveCfg = Debug|Any CPU
		{B985D2A3-27C2-49E0-813A-DB9366213646}.Debug|Any CPU.Build.0 = Debug|Any CPU
		{B985D2A3-27C2-49E0-813A-DB9366213646}.Release|Any CPU.ActiveCfg = Release|Any CPU
		{B985D2A3-27C2-49E0-813A-DB9366213646}.Release|Any CPU.Build.0 = Release|Any CPU
	EndGlobalSection
	GlobalSection(SolutionProperties) = preSolution
		HideSolutionNode = FALSE
	EndGlobalSection
	GlobalSection(ExtensibilityGlobals) = postSolution
		SolutionGuid = {E3AEF1B6-CC31-47FE-8BFD-298396E7F32A}
	EndGlobalSection
EndGlobal
